
Microsoft Visual Studio Solution File, Format Version 12.00
# Visual Studio Version 17
VisualStudioVersion = 17.7.34018.315
MinimumVisualStudioVersion = 10.0.40219.1
Project("{FAE04EC0-301F-11D3-BF4B-00C04F79EFBC}") = "Inlämningsuppgift kap 1", "Inlämningsuppgift kap 1\Inlämningsuppgift kap 1.csproj", "{FD99D7E7-AB8B-454D-9C0E-5B55C73E0480}"
EndProject
Global
	GlobalSection(SolutionConfigurationPlatforms) = preSolution
		Debug|Any CPU = Debug|Any CPU
		Release|Any CPU = Release|Any CPU
	EndGlobalSection
	GlobalSection(ProjectConfigurationPlatforms) = postSolution
		{FD99D7E7-AB8B-454D-9C0E-5B55C73E0480}.Debug|Any CPU.ActiveCfg = Debug|Any CPU
		{FD99D7E7-AB8B-454D-9C0E-5B55C73E0480}.Debug|Any CPU.Build.0 = Debug|Any CPU
		{FD99D7E7-AB8B-454D-9C0E-5B55C73E0480}.Release|Any CPU.ActiveCfg = Release|Any CPU
		{FD99D7E7-AB8B-454D-9C0E-5B55C73E0480}.Release|Any CPU.Build.0 = Release|Any CPU
	EndGlobalSection
	GlobalSection(SolutionProperties) = preSolution
		HideSolutionNode = FALSE
	EndGlobalSection
	GlobalSection(ExtensibilityGlobals) = postSolution
		SolutionGuid = {3C161C69-9D69-48EA-AFC8-CB4814D2EDC0}
	EndGlobalSection
EndGlobal
